
Microsoft Visual Studio Solution File, Format Version 12.00
# Visual Studio 15
VisualStudioVersion = 15.0.28307.329
MinimumVisualStudioVersion = 10.0.40219.1
Project("{FAE04EC0-301F-11D3-BF4B-00C04F79EFBC}") = "L5RTool", "L5RTool\L5RTool.csproj", "{26F82A93-A093-4849-9545-4B9D2C723E95}"
EndProject
Global
	GlobalSection(SolutionConfigurationPlatforms) = preSolution
		Debug|Any CPU = Debug|Any CPU
		Release|Any CPU = Release|Any CPU
	EndGlobalSection
	GlobalSection(ProjectConfigurationPlatforms) = postSolution
		{26F82A93-A093-4849-9545-4B9D2C723E95}.Debug|Any CPU.ActiveCfg = Debug|Any CPU
		{26F82A93-A093-4849-9545-4B9D2C723E95}.Debug|Any CPU.Build.0 = Debug|Any CPU
		{26F82A93-A093-4849-9545-4B9D2C723E95}.Release|Any CPU.ActiveCfg = Release|Any CPU
		{26F82A93-A093-4849-9545-4B9D2C723E95}.Release|Any CPU.Build.0 = Release|Any CPU
	EndGlobalSection
	GlobalSection(SolutionProperties) = preSolution
		HideSolutionNode = FALSE
	EndGlobalSection
	GlobalSection(ExtensibilityGlobals) = postSolution
		SolutionGuid = {2A785FE2-22E0-4C1F-9182-FFAC2330671F}
	EndGlobalSection
EndGlobal
