
Microsoft Visual Studio Solution File, Format Version 12.00
# Visual Studio 15
VisualStudioVersion = 15.0.28307.329
MinimumVisualStudioVersion = 10.0.40219.1
Project("{9A19103F-16F7-4668-BE54-9A1E7A4F7556}") = "NPC.Common", "NPC.Common\NPC.Common.csproj", "{00D97EDC-DB08-4EB3-86CA-B0EE48EAC84E}"
EndProject
Project("{9A19103F-16F7-4668-BE54-9A1E7A4F7556}") = "NPC.Data.Interface", "NPC.Data.Interface\NPC.Data.Interface.csproj", "{ADD2E99C-E1A1-437B-80D7-9C3EB6B61113}"
EndProject
Project("{9A19103F-16F7-4668-BE54-9A1E7A4F7556}") = "NPC.Data", "NPC.Data\NPC.Data.csproj", "{1983A46D-BFF4-4BAD-8820-68FD2D5DFCA2}"
EndProject
Project("{9A19103F-16F7-4668-BE54-9A1E7A4F7556}") = "CS.Utils", "CS.Utils\CS.Utils.csproj", "{F23AE9C3-9B2C-4CBD-8DB1-55984B48EFC8}"
EndProject
Project("{9A19103F-16F7-4668-BE54-9A1E7A4F7556}") = "NPC.Business.Interface", "NPC.Business.Interface\NPC.Business.Interface.csproj", "{94A781D8-D813-4947-9F32-34D18576A8EA}"
EndProject
Project("{9A19103F-16F7-4668-BE54-9A1E7A4F7556}") = "NPC.Business", "NPC.Business\NPC.Business.csproj", "{BDA5EDC0-7A1A-48ED-898D-CEC15085B174}"
EndProject
Project("{9A19103F-16F7-4668-BE54-9A1E7A4F7556}") = "NPC.Presenter.Interface", "NPC.Presenter.Interface\NPC.Presenter.Interface.csproj", "{A3C0B167-E241-4444-A44F-816539E44AD1}"
EndProject
Project("{FAE04EC0-301F-11D3-BF4B-00C04F79EFBC}") = "NPC.Presenter.Windows", "NPC.Presenter.Windows\NPC.Presenter.Windows.csproj", "{D39CCDB5-22E9-4899-A310-0F80434520DC}"
EndProject
Project("{FAE04EC0-301F-11D3-BF4B-00C04F79EFBC}") = "NPC.Windows", "NPC.Windows\NPC.Windows.csproj", "{BEBC377A-43E3-4FA2-9E5A-CD4126290859}"
EndProject
Global
	GlobalSection(SolutionConfigurationPlatforms) = preSolution
		Debug|Any CPU = Debug|Any CPU
		Release|Any CPU = Release|Any CPU
	EndGlobalSection
	GlobalSection(ProjectConfigurationPlatforms) = postSolution
		{00D97EDC-DB08-4EB3-86CA-B0EE48EAC84E}.Debug|Any CPU.ActiveCfg = Debug|Any CPU
		{00D97EDC-DB08-4EB3-86CA-B0EE48EAC84E}.Debug|Any CPU.Build.0 = Debug|Any CPU
		{00D97EDC-DB08-4EB3-86CA-B0EE48EAC84E}.Release|Any CPU.ActiveCfg = Release|Any CPU
		{00D97EDC-DB08-4EB3-86CA-B0EE48EAC84E}.Release|Any CPU.Build.0 = Release|Any CPU
		{ADD2E99C-E1A1-437B-80D7-9C3EB6B61113}.Debug|Any CPU.ActiveCfg = Debug|Any CPU
		{ADD2E99C-E1A1-437B-80D7-9C3EB6B61113}.Debug|Any CPU.Build.0 = Debug|Any CPU
		{ADD2E99C-E1A1-437B-80D7-9C3EB6B61113}.Release|Any CPU.ActiveCfg = Release|Any CPU
		{ADD2E99C-E1A1-437B-80D7-9C3EB6B61113}.Release|Any CPU.Build.0 = Release|Any CPU
		{1983A46D-BFF4-4BAD-8820-68FD2D5DFCA2}.Debug|Any CPU.ActiveCfg = Debug|Any CPU
		{1983A46D-BFF4-4BAD-8820-68FD2D5DFCA2}.Debug|Any CPU.Build.0 = Debug|Any CPU
		{1983A46D-BFF4-4BAD-8820-68FD2D5DFCA2}.Release|Any CPU.ActiveCfg = Release|Any CPU
		{1983A46D-BFF4-4BAD-8820-68FD2D5DFCA2}.Release|Any CPU.Build.0 = Release|Any CPU
		{F23AE9C3-9B2C-4CBD-8DB1-55984B48EFC8}.Debug|Any CPU.ActiveCfg = Debug|Any CPU
		{F23AE9C3-9B2C-4CBD-8DB1-55984B48EFC8}.Debug|Any CPU.Build.0 = Debug|Any CPU
		{F23AE9C3-9B2C-4CBD-8DB1-55984B48EFC8}.Release|Any CPU.ActiveCfg = Release|Any CPU
		{F23AE9C3-9B2C-4CBD-8DB1-55984B48EFC8}.Release|Any CPU.Build.0 = Release|Any CPU
		{94A781D8-D813-4947-9F32-34D18576A8EA}.Debug|Any CPU.ActiveCfg = Debug|Any CPU
		{94A781D8-D813-4947-9F32-34D18576A8EA}.Debug|Any CPU.Build.0 = Debug|Any CPU
		{94A781D8-D813-4947-9F32-34D18576A8EA}.Release|Any CPU.ActiveCfg = Release|Any CPU
		{94A781D8-D813-4947-9F32-34D18576A8EA}.Release|Any CPU.Build.0 = Release|Any CPU
		{BDA5EDC0-7A1A-48ED-898D-CEC15085B174}.Debug|Any CPU.ActiveCfg = Debug|Any CPU
		{BDA5EDC0-7A1A-48ED-898D-CEC15085B174}.Debug|Any CPU.Build.0 = Debug|Any CPU
		{BDA5EDC0-7A1A-48ED-898D-CEC15085B174}.Release|Any CPU.ActiveCfg = Release|Any CPU
		{BDA5EDC0-7A1A-48ED-898D-CEC15085B174}.Release|Any CPU.Build.0 = Release|Any CPU
		{A3C0B167-E241-4444-A44F-816539E44AD1}.Debug|Any CPU.ActiveCfg = Debug|Any CPU
		{A3C0B167-E241-4444-A44F-816539E44AD1}.Debug|Any CPU.Build.0 = Debug|Any CPU
		{A3C0B167-E241-4444-A44F-816539E44AD1}.Release|Any CPU.ActiveCfg = Release|Any CPU
		{A3C0B167-E241-4444-A44F-816539E44AD1}.Release|Any CPU.Build.0 = Release|Any CPU
		{D39CCDB5-22E9-4899-A310-0F80434520DC}.Debug|Any CPU.ActiveCfg = Debug|Any CPU
		{D39CCDB5-22E9-4899-A310-0F80434520DC}.Debug|Any CPU.Build.0 = Debug|Any CPU
		{D39CCDB5-22E9-4899-A310-0F80434520DC}.Release|Any CPU.ActiveCfg = Release|Any CPU
		{D39CCDB5-22E9-4899-A310-0F80434520DC}.Release|Any CPU.Build.0 = Release|Any CPU
		{BEBC377A-43E3-4FA2-9E5A-CD4126290859}.Debug|Any CPU.ActiveCfg = Debug|Any CPU
		{BEBC377A-43E3-4FA2-9E5A-CD4126290859}.Debug|Any CPU.Build.0 = Debug|Any CPU
		{BEBC377A-43E3-4FA2-9E5A-CD4126290859}.Release|Any CPU.ActiveCfg = Release|Any CPU
		{BEBC377A-43E3-4FA2-9E5A-CD4126290859}.Release|Any CPU.Build.0 = Release|Any CPU
	EndGlobalSection
	GlobalSection(SolutionProperties) = preSolution
		HideSolutionNode = FALSE
	EndGlobalSection
	GlobalSection(ExtensibilityGlobals) = postSolution
		SolutionGuid = {2A785FE2-22E0-4C1F-9182-FFAC2330671F}
	EndGlobalSection
EndGlobal
